schema: '2.0'
stages:
  prepare:
    cmd: python src/prepare_data.py
    deps:
    - path: data/raw/adult.csv
      hash: md5
      md5: c214b8388397bac6f467af5cf9d4eb0b
      size: 4104734
    - path: data/raw/bank.csv
      hash: md5
      md5: 8d1cc2ceea5c63e650e4d314250efdd3
      size: 918960
    - path: src/prepare_data.py
      hash: md5
      md5: 889ee9ab98d8a511a4eb0a7cd7ce0d54
      size: 2588
    outs:
    - path: data/processed/test.csv
      hash: md5
      md5: bd16f5316444a7685a1e26e8ebf1f0a4
      size: 7754036
    - path: data/processed/train.csv
      hash: md5
      md5: a84f6d6c8a557a1e26c58b4d78954502
      size: 31010685
  train:
    cmd: python src/train.py
    deps:
    - path: data/processed/train.csv
      hash: md5
      md5: a84f6d6c8a557a1e26c58b4d78954502
      size: 31010685
    - path: params.yaml
      hash: md5
      md5: c9d78baca3c5666bf3e8396d75bd81f4
      size: 238
    - path: src/train.py
      hash: md5
      md5: a9ebd6595633145cb3265d6a4c1845e1
      size: 6271
    params:
      params.yaml:
        batch_size: 64
        dropout_rate: 0.3
        gamma: 0.1
        hidden_sizes:
        - 64
        - 32
        - 16
        learning_rate: 0.001
        num_epochs: 50
        step_size: 30
    outs:
    - path: models/adult_pretrained.pth
      hash: md5
      md5: dc5ebab3fe460431f9011a5a59085edd
      size: 35140
  prepare_adult:
    cmd: python src/prepare_adult_data.py
    deps:
    - path: data/raw/adult.csv
      hash: md5
      md5: c214b8388397bac6f467af5cf9d4eb0b
      size: 4104734
    - path: src/prepare_adult_data.py
      hash: md5
      md5: 4917c05c40ce726cbe4274acad8247e6
      size: 2455
    outs:
    - path: data/processed/adult
      hash: md5
      md5: dd18273da30546f21da7d2e0b3ec1261.dir
      size: 13285400
      nfiles: 4
    - path: models/adult_scaler.pkl
      hash: md5
      md5: c7b2c7d19e714f7862e064dc6133a05d
      size: 3239
  train_adult:
    cmd: python src/train_adult.py
    deps:
    - path: data/processed/adult
      hash: md5
      md5: dd18273da30546f21da7d2e0b3ec1261.dir
      size: 13285400
      nfiles: 4
    - path: params.yaml
      hash: md5
      md5: d1b53b8126ab96c84ab90e5f3b8b20a4
      size: 1654
    - path: src/train_adult.py
      hash: md5
      md5: 627f611cbd2875f39db7b0c3217be5d1
      size: 5476
    params:
      params.yaml:
        batch_size: 64
        dropout_rate: 0.3
        gamma: 0.1
        hidden_sizes:
        - 64
        - 32
        - 16
        learning_rate: 0.001
        num_epochs: 50
        step_size: 30
    outs:
    - path: metrics/adult_metrics.json
      hash: md5
      md5: f5f3a961deebaebc7f71fd9cf349369f
      size: 232
    - path: models/adult_pretrained.pth
      hash: md5
      md5: e41c17344eb234d8377d1cfac232bd31
      size: 33092
  prepare_bank:
    cmd: python src/prepare_bank_data.py
    deps:
    - path: data/raw/bank.csv
      hash: md5
      md5: 8d1cc2ceea5c63e650e4d314250efdd3
      size: 918960
    - path: src/prepare_bank_data.py
      hash: md5
      md5: 98066fd150f89b0930283d6f0b8189cc
      size: 2423
    outs:
    - path: data/processed/bank
      hash: md5
      md5: 4720fb6bad0aec0275d60faa730e8c38.dir
      size: 3483056
      nfiles: 4
    - path: models/bank_scaler.pkl
      hash: md5
      md5: 029f46614cd8bb6f13dd0a06a8c29d1a
      size: 2295
  fine_tune:
    cmd: python src/fine_tune.py
    deps:
    - path: data/processed/bank
      hash: md5
      md5: 4720fb6bad0aec0275d60faa730e8c38.dir
      size: 3483056
      nfiles: 4
    - path: models/adult_pretrained.pth
      hash: md5
      md5: e41c17344eb234d8377d1cfac232bd31
      size: 33092
    - path: params.yaml
      hash: md5
      md5: d1b53b8126ab96c84ab90e5f3b8b20a4
      size: 1654
    - path: src/fine_tune.py
      hash: md5
      md5: ace3c738a9d2619b6734a39fa3e89aba
      size: 8780
    params:
      params.yaml:
        batch_size: 64
        dropout_rate: 0.3
        fine_tuning_gamma: 0.1
        fine_tuning_learning_rate: 0.0005
        fine_tuning_num_epochs: 30
        fine_tuning_step_size: 30
        freeze_bn: true
        hidden_sizes:
        - 64
        - 32
        - 16
        num_frozen_layers: 1
    outs:
    - path: metrics/bank_finetune_metrics.json
      hash: md5
      md5: 552750a40d0654cd4d03663828d0d9bf
      size: 267
    - path: models/bank_finetuned.pth
      hash: md5
      md5: b05d3e94cd2c25a5ae04e0272035b198
      size: 29966
  train_bank_scratch:
    cmd: python src/train_bank_scratch.py
    deps:
    - path: data/processed/bank
      hash: md5
      md5: 4720fb6bad0aec0275d60faa730e8c38.dir
      size: 3483056
      nfiles: 4
    - path: params.yaml
      hash: md5
      md5: 55bb96f0e59f766f95332c6f84b01a1c
      size: 392
    - path: src/train_bank_scratch.py
      hash: md5
      md5: 04a856ac9c422fb37040ba44a2a853f0
      size: 5824
    params:
      params.yaml:
        batch_size: 64
        dropout_rate: 0.3
        gamma: 0.1
        hidden_sizes:
        - 64
        - 32
        - 16
        learning_rate: 0.001
        num_epochs: 50
        step_size: 30
    outs:
    - path: metrics/bank_scratch_metrics.json
      hash: md5
      md5: 5d2f15fab4eec0d56dfe15657162569b
      size: 302
    - path: models/bank_from_scratch.pth
      hash: md5
      md5: 21a45d32ff0a4629bca4a845f6ff1c62
      size: 16159
  train_log_reg:
    cmd: python src/classic_ml/train_log_reg.py
    deps:
    - path: data/processed/bank
      hash: md5
      md5: 4720fb6bad0aec0275d60faa730e8c38.dir
      size: 3483056
      nfiles: 4
    - path: src/classic_ml/train_log_reg.py
      hash: md5
      md5: f5075df0d1844b0d36fd658c7da77f16
      size: 5512
    params:
      params.yaml:
        log_reg:
          max_iter: 1000
          random_state: 42
          class_weight: balanced
          solver: lbfgs
          penalty: l2
          C: 1.0
          tol: 0.0001
    outs:
    - path: metrics/log_reg_metrics.json
      hash: md5
      md5: 851b58ecad1f61e5970c238d8a895a58
      size: 245
    - path: models/log_reg.pkl
      hash: md5
      md5: 60c612408d1df19465a1658b0ad5df0d
      size: 1015
  train_decision_tree:
    cmd: python src/classic_ml/train_decision_tree.py
    deps:
    - path: data/processed/bank
      hash: md5
      md5: 4720fb6bad0aec0275d60faa730e8c38.dir
      size: 3483056
      nfiles: 4
    - path: src/classic_ml/train_decision_tree.py
      hash: md5
      md5: 1ed55f955a3fd0cac1940d4875df79e7
      size: 5502
    params:
      params.yaml:
        decision_tree:
          max_depth: 10
          min_samples_split: 20
          min_samples_leaf: 10
          random_state: 42
          class_weight: balanced
          criterion: gini
          splitter: best
          max_features:
          min_impurity_decrease: 0.0
    outs:
    - path: metrics/decision_tree_metrics.json
      hash: md5
      md5: 77429282e0e985e340bf38d9267da6a4
      size: 246
    - path: models/decision_tree.pkl
      hash: md5
      md5: 1d257f4ace65beb08506464f4d0b5751
      size: 36084
  train_random_forest:
    cmd: python src/classic_ml/train_random_forest.py
    deps:
    - path: data/processed/bank
      hash: md5
      md5: 4720fb6bad0aec0275d60faa730e8c38.dir
      size: 3483056
      nfiles: 4
    - path: src/classic_ml/train_random_forest.py
      hash: md5
      md5: 0ea25fad192364b0a36819455de98da7
      size: 5426
    params:
      params.yaml:
        random_forest:
          n_estimators: 200
          max_depth: 15
          min_samples_split: 20
          min_samples_leaf: 10
          random_state: 42
          class_weight: balanced
          n_jobs: -1
          bootstrap: true
          criterion: gini
          max_features: sqrt
    outs:
    - path: metrics/random_forest_metrics.json
      hash: md5
      md5: 5b50c2897825fc01fc35b720362b2411
      size: 243
    - path: models/random_forest.pkl
      hash: md5
      md5: d95d532a09707080efc478c0f1742f35
      size: 9355672
  train_extra_trees:
    cmd: python src/classic_ml/train_extra_trees.py
    deps:
    - path: data/processed/bank
      hash: md5
      md5: 4720fb6bad0aec0275d60faa730e8c38.dir
      size: 3483056
      nfiles: 4
    - path: src/classic_ml/train_extra_trees.py
      hash: md5
      md5: 2f80be9d0dc3a4fc1c62965b095cb3e6
      size: 5376
    params:
      params.yaml:
        extra_trees:
          n_estimators: 200
          max_depth: 15
          min_samples_split: 20
          min_samples_leaf: 10
          random_state: 42
          class_weight: balanced
          n_jobs: -1
          bootstrap: true
          criterion: gini
          max_features:
    outs:
    - path: metrics/extra_trees_metrics.json
      hash: md5
      md5: 6de0152dcb9e09b2e4404acfc9fd1b79
      size: 245
    - path: models/extra_trees.pkl
      hash: md5
      md5: be35065b69221b6b1faee645a9d0db83
      size: 9831629
  train_lightgbm:
    cmd: python src/classic_ml/train_lightgbm.py
    deps:
    - path: data/processed/bank
      hash: md5
      md5: 4720fb6bad0aec0275d60faa730e8c38.dir
      size: 3483056
      nfiles: 4
    - path: src/classic_ml/train_lightgbm.py
      hash: md5
      md5: 601c547508dc247b5a7569ebbd5eb942
      size: 5355
    params:
      params.yaml:
        lightgbm:
          n_estimators: 200
          learning_rate: 0.05
          max_depth: 10
          num_leaves: 31
          min_child_samples: 20
          random_state: 42
          class_weight: balanced
          n_jobs: -1
          verbose: -1
          subsample: 1.0
          colsample_bytree: 1.0
          reg_alpha: 0.0
          reg_lambda: 1.0
    outs:
    - path: metrics/lightgbm_metrics.json
      hash: md5
      md5: eb20aae9562d7b773ea78c2db0d447c9
      size: 245
    - path: models/lightgbm.pkl
      hash: md5
      md5: 937c43478e42cb4f55f0c83b4959756e
      size: 698530
  train_gradient_boosting:
    cmd: python src/classic_ml/train_gradient_boosting.py
    deps:
    - path: data/processed/bank
      hash: md5
      md5: 4720fb6bad0aec0275d60faa730e8c38.dir
      size: 3483056
      nfiles: 4
    - path: src/classic_ml/train_gradient_boosting.py
      hash: md5
      md5: c9a755d3f0641b3b172707edeecbc6b8
      size: 5436
    params:
      params.yaml:
        gradient_boosting:
          n_estimators: 150
          learning_rate: 0.05
          max_depth: 5
          min_samples_split: 20
          min_samples_leaf: 10
          random_state: 42
          subsample: 1.0
          max_features:
          min_impurity_decrease: 0.0
          validation_fraction: 0.1
          n_iter_no_change:
          tol: 0.0001
    outs:
    - path: metrics/gradient_boosting_metrics.json
      hash: md5
      md5: 5a1397d0ac1262855f78d20be82cdaf6
      size: 241
    - path: models/gradient_boosting.pkl
      hash: md5
      md5: 47a6004eb3e6dc05bea2b9ee1d292e1c
      size: 606823
  train_catboost:
    cmd: python src/classic_ml/train_catboost.py
    deps:
    - path: data/processed/bank
      hash: md5
      md5: 4720fb6bad0aec0275d60faa730e8c38.dir
      size: 3483056
      nfiles: 4
    - path: src/classic_ml/train_catboost.py
      hash: md5
      md5: c24a39bc2403916c028d940b29a00b08
      size: 5354
    params:
      params.yaml:
        catboost:
          iterations: 200
          learning_rate: 0.05
          depth: 6
          random_state: 42
          verbose: 0
          class_weights:
          l2_leaf_reg: 3
          subsample: 1.0
          colsample_bylevel: 1.0
          min_data_in_leaf: 1
          border_count: 254
    outs:
    - path: metrics/catboost_metrics.json
      hash: md5
      md5: 7850c342f2642cf33e5cf0147490da43
      size: 244
    - path: models/catboost.pkl
      hash: md5
      md5: 8998b46d46cb37e30624d80121afb9db
      size: 232203
  train_bagging:
    cmd: python src/classic_ml/train_bagging.py
    deps:
    - path: data/processed/bank
      hash: md5
      md5: 4720fb6bad0aec0275d60faa730e8c38.dir
      size: 3483056
      nfiles: 4
    - path: src/classic_ml/train_bagging.py
      hash: md5
      md5: d6f45ef3f3f486ae6193cda4ac7da766
      size: 5851
    params:
      params.yaml:
        bagging:
          n_estimators: 50
          max_samples: 0.8
          max_features: 0.8
          bootstrap: true
          random_state: 42
          n_jobs: -1
        bagging_base_estimator:
          n_estimators: 500
          max_depth:
          min_samples_split: 10
          min_samples_leaf: 1
          max_features: sqrt
          class_weight: balanced
          bootstrap: true
          random_state: 42
          n_jobs: -1
    outs:
    - path: metrics/bagging_metrics.json
      hash: md5
      md5: cd4ea1fab9633a35470384c4f7460cd3
      size: 242
    - path: models/bagging.pkl
      hash: md5
      md5: feedaec67a93e953f13725490de07890
      size: 2011289115
  train_blending:
    cmd: python src/classic_ml/train_blending.py
    deps:
    - path: data/processed/bank
      hash: md5
      md5: 4720fb6bad0aec0275d60faa730e8c38.dir
      size: 3483056
      nfiles: 4
    - path: src/classic_ml/train_blending.py
      hash: md5
      md5: 715d47e4923c19338f5dd79b9d99c24c
      size: 8616
    params:
      params.yaml:
        blending:
          cv_splits: 5
          random_state: 42
        blending_catboost:
          iterations: 200
          depth: 10
          learning_rate: 0.05
          l2_leaf_reg: 5
          subsample: 0.8
          colsample_bylevel: 0.8
          scale_pos_weight: 1
          min_data_in_leaf: 10
          random_state: 42
          verbose: 0
          allow_writing_files: false
        blending_des_tree:
          splitter: best
          min_samples_split: 50
          min_samples_leaf: 5
          max_features:
          max_depth: 20
          criterion: entropy
          class_weight: balanced
          random_state: 42
        blending_extra_trees:
          n_estimators: 300
          min_samples_split: 10
          min_samples_leaf: 1
          max_features:
          max_depth: 30
          class_weight:
          bootstrap: true
          random_state: 42
          n_jobs: -1
        blending_grad_boost:
          subsample: 1.0
          n_estimators: 300
          min_samples_split: 50
          min_samples_leaf: 20
          min_impurity_decrease: 0.01
          max_features: 0.7
          max_depth: 7
          random_state: 42
        blending_lgbm:
          subsample: 0.9
          reg_lambda: 0.5
          reg_alpha: 0
          num_leaves: 31
          n_estimators: 200
          min_child_samples: 10
          max_depth: -1
          learning_rate: 0.05
          colsample_bytree: 0.7
          class_weight:
          random_state: 42
          n_jobs: -1
          verbose: -1
        blending_linreg:
          C: 0.1
          class_weight:
            0: 1
            1: 2
          max_iter: 1000
          penalty: l1
          solver: liblinear
          tol: 0.0001
          random_state: 42
        blending_meta_model:
          max_iter: 1000
          random_state: 42
        blending_nb:
          var_smoothing: 1e-09
        blending_rf:
          n_estimators: 500
          min_samples_split: 10
          min_samples_leaf: 1
          max_features: sqrt
          max_depth:
          class_weight: balanced
          bootstrap: true
          random_state: 42
          n_jobs: -1
    outs:
    - path: metrics/blending_metrics.json
      hash: md5
      md5: 2c7f45d3c87f3bfdea2c653d7800c103
      size: 243
    - path: models/blending.pkl
      hash: md5
      md5: c3f045bd97eabb4ea8764b6aeeac61bf
      size: 770
  train_stacking:
    cmd: python src/classic_ml/train_stacking.py
    deps:
    - path: data/processed/bank
      hash: md5
      md5: 4720fb6bad0aec0275d60faa730e8c38.dir
      size: 3483056
      nfiles: 4
    - path: src/classic_ml/train_stacking.py
      hash: md5
      md5: ce57445883ef2b70b78c8307f436ffce
      size: 7615
    params:
      params.yaml:
        stacking:
          cv_splits: 5
          random_state: 42
          n_jobs: -1
          passthrough: false
        stacking_des_tree:
          splitter: best
          min_samples_split: 50
          min_samples_leaf: 5
          max_features:
          max_depth: 20
          criterion: entropy
          class_weight: balanced
          random_state: 42
        stacking_extra_trees:
          n_estimators: 300
          min_samples_split: 10
          min_samples_leaf: 1
          max_features:
          max_depth: 30
          class_weight:
          bootstrap: true
          random_state: 42
          n_jobs: -1
        stacking_grad_boost:
          subsample: 1.0
          n_estimators: 300
          min_samples_split: 50
          min_samples_leaf: 20
          min_impurity_decrease: 0.01
          max_features: 0.7
          max_depth: 7
          random_state: 42
        stacking_lgbm:
          subsample: 0.9
          reg_lambda: 0.5
          reg_alpha: 0
          num_leaves: 31
          n_estimators: 200
          min_child_samples: 10
          max_depth: -1
          learning_rate: 0.05
          colsample_bytree: 0.7
          class_weight:
          random_state: 42
          n_jobs: -1
          verbose: -1
        stacking_linreg:
          C: 0.1
          class_weight:
            0: 1
            1: 2
          max_iter: 1000
          penalty: l1
          solver: liblinear
          tol: 0.0001
          random_state: 42
        stacking_meta_model:
          C: 0.1
          class_weight:
            0: 1
            1: 2
          max_iter: 1000
          penalty: l1
          solver: liblinear
          tol: 0.0001
          random_state: 42
        stacking_nb:
          var_smoothing: 1e-09
        stacking_rf:
          n_estimators: 500
          min_samples_split: 10
          min_samples_leaf: 1
          max_features: sqrt
          max_depth:
          class_weight: balanced
          bootstrap: true
          random_state: 42
          n_jobs: -1
    outs:
    - path: metrics/stacking_metrics.json
      hash: md5
      md5: 1ccf56f22de05cc66c66fe0995ba987a
      size: 243
    - path: models/stacking.pkl
      hash: md5
      md5: cafa2329b7c10ddfd5fb928988d09066
      size: 96650768
  cv_log_reg:
    cmd: python src/cross_val/cv_log_reg.py
    deps:
    - path: data/processed/bank
      hash: md5
      md5: 4720fb6bad0aec0275d60faa730e8c38.dir
      size: 3483056
      nfiles: 4
    - path: src/cross_val/cv_log_reg.py
      hash: md5
      md5: d15ce48450a3c2fba92dc1f2850a0bfa
      size: 11150
    params:
      params.yaml:
        cv_log_reg:
          cv_splits: 5
          random_state: 42
          n_jobs: -1
          verbose: 0
          class_weights:
          - 2
          - 4
          - 6
          - 8
          - 10
          - 12
          C_values:
          - 0.001
          - 0.01
          - 0.1
          - 1
          - 10
          - 100
          max_iter_values:
          - 1000
          - 5000
          l1_ratio_values:
          - 0.15
          - 0.5
          - 0.85
    outs:
    - path: metrics/cv_log_reg_metrics.json
      hash: md5
      md5: ad489654d535fb043a1e5640397e683b
      size: 3722
  cv_decision_tree:
    cmd: python src/cross_val/cv_decision_tree.py
    deps:
    - path: data/processed/bank
      hash: md5
      md5: 4720fb6bad0aec0275d60faa730e8c38.dir
      size: 3483056
      nfiles: 4
    - path: src/cross_val/cv_decision_tree.py
      hash: md5
      md5: 1c0e5acf0f7e8960ca0c2cdbbd05cce2
      size: 11787
    params:
      params.yaml:
        cv_decision_tree:
          cv_splits: 5
          random_state: 42
          n_jobs: -1
          verbose: 0
          scoring: f1
          n_iter: 200
          criterion:
          - gini
          - entropy
          - log_loss
          splitter:
          - best
          - random
          max_depth:
          - 
          - 5
          - 10
          - 15
          - 20
          - 30
          min_samples_split:
          - 2
          - 5
          - 10
          - 20
          - 50
          min_samples_leaf:
          - 1
          - 5
          - 10
          - 20
          max_features:
          - 
          - sqrt
          - log2
          class_weights:
          - 2
          - 4
          - 6
          - 8
          - 10
          - 12
    outs:
    - path: metrics/cv_decision_tree_metrics.json
      hash: md5
      md5: bb17afde602501958ce86e701f31a35f
      size: 4672
  cv_extra_trees:
    cmd: python src/cross_val/cv_extra_trees.py
    deps:
    - path: data/processed/bank
      hash: md5
      md5: 4720fb6bad0aec0275d60faa730e8c38.dir
      size: 3483056
      nfiles: 4
    - path: src/cross_val/cv_extra_trees.py
      hash: md5
      md5: 0f907c2e92c4e73bdd8068e1510511b8
      size: 12233
    params:
      params.yaml:
        cv_extra_trees:
          cv_splits: 5
          random_state: 42
          n_jobs: -1
          verbose: 0
          scoring: roc_auc
          n_iter: 500
          n_estimators:
          - 100
          - 200
          - 300
          - 500
          max_depth:
          - 10
          - 20
          - 30
          - 
          min_samples_split:
          - 2
          - 5
          - 10
          - 20
          min_samples_leaf:
          - 1
          - 5
          - 10
          max_features:
          - sqrt
          - log2
          - 
          - 0.5
          - 0.7
          bootstrap:
          - true
          - false
          class_weights:
          - 2
          - 4
          - 8
          - 10
          - 12
    outs:
    - path: metrics/cv_extra_trees_metrics.json
      hash: md5
      md5: f0a451b6994a966af1c7be6e0624c0ec
      size: 4844
  cv_lightgbm:
    cmd: python src/cross_val/cv_lightgbm.py
    deps:
    - path: data/processed/bank
      hash: md5
      md5: 4720fb6bad0aec0275d60faa730e8c38.dir
      size: 3483056
      nfiles: 4
    - path: src/cross_val/cv_lightgbm.py
      hash: md5
      md5: cad99239a8563efe018d1bfc05960bac
      size: 12612
    params:
      params.yaml:
        cv_lightgbm:
          cv_splits: 5
          random_state: 42
          n_jobs: -1
          verbose: -1
          verbose_level: 0
          scoring: roc_auc
          n_iter: 300
          force_col_wise: true
          n_estimators:
          - 100
          - 200
          - 300
          - 500
          max_depth:
          - 6
          - 10
          - 15
          - 20
          - -1
          num_leaves:
          - 15
          - 31
          - 63
          - 127
          learning_rate:
          - 0.01
          - 0.05
          - 0.1
          - 0.2
          min_child_samples:
          - 10
          - 20
          - 50
          - 100
          subsample:
          - 0.7
          - 0.8
          - 0.9
          - 1.0
          colsample_bytree:
          - 0.7
          - 0.8
          - 0.9
          - 1.0
          class_weights:
          - 2
          - 4
          - 6
          - 8
          - 10
          - 12
          reg_alpha:
          - 0
          - 0.1
          - 0.5
          - 1.0
          reg_lambda:
          - 0
          - 0.1
          - 0.5
          - 1.0
    outs:
    - path: metrics/cv_lightgbm_metrics.json
      hash: md5
      md5: 4b2202294e22f42d0777cb139fcc6ecb
      size: 4489
  cv_catboost:
    cmd: python src/cross_val/cv_catboost.py
    deps:
    - path: data/processed/bank
      hash: md5
      md5: 4720fb6bad0aec0275d60faa730e8c38.dir
      size: 3483056
      nfiles: 4
    - path: src/cross_val/cv_catboost.py
      hash: md5
      md5: 94897f97db7c2bab6123f3e67d523b09
      size: 14022
    params:
      params.yaml:
        cv_catboost:
          cv_splits: 5
          random_state: 42
          n_iter: 50
          iterations:
          - 100
          - 200
          - 300
          - 500
          depth:
          - 4
          - 6
          - 8
          - 10
          learning_rate:
          - 0.01
          - 0.03
          - 0.05
          - 0.1
          - 0.2
          l2_leaf_reg:
          - 1
          - 3
          - 5
          - 10
          - 30
          subsample:
          - 0.7
          - 0.8
          - 0.9
          - 1.0
          colsample_bylevel:
          - 0.7
          - 0.8
          - 0.9
          - 1.0
          scale_pos_weight:
          - 1
          - 2
          - 5
          - 10
          - 
          min_data_in_leaf:
          - 5
          - 10
          - 20
          - 50
    outs:
    - path: metrics/cv_catboost_metrics.json
      hash: md5
      md5: baec5cebfeb4cc3102e10b19b3706b56
      size: 3101
